
Microsoft Visual Studio Solution File, Format Version 12.00
# Visual Studio Version 17
VisualStudioVersion = 17.5.33424.131
MinimumVisualStudioVersion = 10.0.40219.1
Project("{9A19103F-16F7-4668-BE54-9A1E7A4F7556}") = "Poker.Service", "src\Poker.Service\Poker.Service.csproj", "{4C940C08-79C8-4B5A-8D40-D68C46111A21}"
EndProject
Project("{9A19103F-16F7-4668-BE54-9A1E7A4F7556}") = "Poker.Docs", "src\Poker.Docs\Poker.Docs.csproj", "{51C95C58-63AA-4EB4-9CC8-5D2D7E0AF785}"
EndProject
Project("{9A19103F-16F7-4668-BE54-9A1E7A4F7556}") = "Poker.Service.Tests", "src\Poker.Service.Tests\Poker.Service.Tests.csproj", "{87186586-148B-4D8E-93D7-8C4119A33DF8}"
EndProject
Project("{9A19103F-16F7-4668-BE54-9A1E7A4F7556}") = "Poker.Test.Utility", "src\Poker.Test.Utility\Poker.Test.Utility.csproj", "{A5855EBD-767C-4390-B7D6-2CC54D0073E8}"
EndProject
Project("{9A19103F-16F7-4668-BE54-9A1E7A4F7556}") = "Poker.Utility", "src\Poker.Utility\Poker.Utility.csproj", "{3EEE4FF3-3022-4B97-8DDA-0655B2762788}"
EndProject
Project("{9A19103F-16F7-4668-BE54-9A1E7A4F7556}") = "Poker.Utility.Tests", "src\Poker.Utility.Tests\Poker.Utility.Tests.csproj", "{C1A1E9D8-41AB-41FA-8E15-45A2DD93EDC0}"
EndProject
Project("{9A19103F-16F7-4668-BE54-9A1E7A4F7556}") = "Poker.Terminal", "src\Poker.Terminal\Poker.Terminal.csproj", "{CE4FF02E-F83C-49AE-9574-99C6024A52D9}"
EndProject
Project("{9A19103F-16F7-4668-BE54-9A1E7A4F7556}") = "Poker.Terminal.Service", "src\Poker.Terminal.Service\Poker.Terminal.Service.csproj", "{1BEDAF39-20E2-4FAD-B725-913BD10A2B43}"
EndProject
Project("{2150E333-8FDC-42A3-9474-1A3956D46DE8}") = "Solution Items", "Solution Items", "{E3B53AA8-BDF6-444E-B5E3-FA1AFB0223AC}"
	ProjectSection(SolutionItems) = preProject
		.editorconfig = .editorconfig
		README.md = README.md
	EndProjectSection
EndProject
Project("{9A19103F-16F7-4668-BE54-9A1E7A4F7556}") = "Poker.Presentation.Interface", "src\Poker.Presentation.Interface\Poker.Presentation.Interface.csproj", "{63AD990E-B88E-4B6C-BC5F-2EB685AFC6BC}"
EndProject
Project("{9A19103F-16F7-4668-BE54-9A1E7A4F7556}") = "Poker.Presentation.Library", "src\Poker.Presentation.Library\Poker.Presentation.Library.csproj", "{84C55B03-533F-47EB-B681-B062DD9AD18B}"
EndProject
Project("{9A19103F-16F7-4668-BE54-9A1E7A4F7556}") = "Poker.Presentation.Utility", "src\Poker.Presentation.Utility\Poker.Presentation.Utility.csproj", "{5B5E086B-767F-45A0-BA19-43A0A2494525}"
EndProject
Project("{9A19103F-16F7-4668-BE54-9A1E7A4F7556}") = "Poker.Domain", "src\Poker.Domain\Poker.Domain.csproj", "{35AA86A5-9093-4837-8A4B-6E5CD53B685B}"
EndProject
Project("{9A19103F-16F7-4668-BE54-9A1E7A4F7556}") = "Poker.Service.Interface", "src\Poker.Service.Interface\Poker.Service.Interface.csproj", "{BD31383C-0330-47EB-85EF-7E66595190E6}"
EndProject
Project("{FAE04EC0-301F-11D3-BF4B-00C04F79EFBC}") = "Poker.Domain.Tests", "src\Poker.Domain.Tests\Poker.Domain.Tests.csproj", "{FBD240AE-69DF-439E-9FD2-A7FE1912EDC0}"
EndProject
Global
	GlobalSection(SolutionConfigurationPlatforms) = preSolution
		Debug|Any CPU = Debug|Any CPU
		Release|Any CPU = Release|Any CPU
	EndGlobalSection
	GlobalSection(ProjectConfigurationPlatforms) = postSolution
		{4C940C08-79C8-4B5A-8D40-D68C46111A21}.Debug|Any CPU.ActiveCfg = Debug|Any CPU
		{4C940C08-79C8-4B5A-8D40-D68C46111A21}.Debug|Any CPU.Build.0 = Debug|Any CPU
		{4C940C08-79C8-4B5A-8D40-D68C46111A21}.Release|Any CPU.ActiveCfg = Release|Any CPU
		{4C940C08-79C8-4B5A-8D40-D68C46111A21}.Release|Any CPU.Build.0 = Release|Any CPU
		{51C95C58-63AA-4EB4-9CC8-5D2D7E0AF785}.Debug|Any CPU.ActiveCfg = Debug|Any CPU
		{51C95C58-63AA-4EB4-9CC8-5D2D7E0AF785}.Debug|Any CPU.Build.0 = Debug|Any CPU
		{51C95C58-63AA-4EB4-9CC8-5D2D7E0AF785}.Release|Any CPU.ActiveCfg = Release|Any CPU
		{51C95C58-63AA-4EB4-9CC8-5D2D7E0AF785}.Release|Any CPU.Build.0 = Release|Any CPU
		{87186586-148B-4D8E-93D7-8C4119A33DF8}.Debug|Any CPU.ActiveCfg = Debug|Any CPU
		{87186586-148B-4D8E-93D7-8C4119A33DF8}.Debug|Any CPU.Build.0 = Debug|Any CPU
		{87186586-148B-4D8E-93D7-8C4119A33DF8}.Release|Any CPU.ActiveCfg = Release|Any CPU
		{87186586-148B-4D8E-93D7-8C4119A33DF8}.Release|Any CPU.Build.0 = Release|Any CPU
		{A5855EBD-767C-4390-B7D6-2CC54D0073E8}.Debug|Any CPU.ActiveCfg = Debug|Any CPU
		{A5855EBD-767C-4390-B7D6-2CC54D0073E8}.Debug|Any CPU.Build.0 = Debug|Any CPU
		{A5855EBD-767C-4390-B7D6-2CC54D0073E8}.Release|Any CPU.ActiveCfg = Release|Any CPU
		{A5855EBD-767C-4390-B7D6-2CC54D0073E8}.Release|Any CPU.Build.0 = Release|Any CPU
		{3EEE4FF3-3022-4B97-8DDA-0655B2762788}.Debug|Any CPU.ActiveCfg = Debug|Any CPU
		{3EEE4FF3-3022-4B97-8DDA-0655B2762788}.Debug|Any CPU.Build.0 = Debug|Any CPU
		{3EEE4FF3-3022-4B97-8DDA-0655B2762788}.Release|Any CPU.ActiveCfg = Release|Any CPU
		{3EEE4FF3-3022-4B97-8DDA-0655B2762788}.Release|Any CPU.Build.0 = Release|Any CPU
		{C1A1E9D8-41AB-41FA-8E15-45A2DD93EDC0}.Debug|Any CPU.ActiveCfg = Debug|Any CPU
		{C1A1E9D8-41AB-41FA-8E15-45A2DD93EDC0}.Debug|Any CPU.Build.0 = Debug|Any CPU
		{C1A1E9D8-41AB-41FA-8E15-45A2DD93EDC0}.Release|Any CPU.ActiveCfg = Release|Any CPU
		{C1A1E9D8-41AB-41FA-8E15-45A2DD93EDC0}.Release|Any CPU.Build.0 = Release|Any CPU
		{CE4FF02E-F83C-49AE-9574-99C6024A52D9}.Debug|Any CPU.ActiveCfg = Debug|Any CPU
		{CE4FF02E-F83C-49AE-9574-99C6024A52D9}.Debug|Any CPU.Build.0 = Debug|Any CPU
		{CE4FF02E-F83C-49AE-9574-99C6024A52D9}.Release|Any CPU.ActiveCfg = Release|Any CPU
		{CE4FF02E-F83C-49AE-9574-99C6024A52D9}.Release|Any CPU.Build.0 = Release|Any CPU
		{1BEDAF39-20E2-4FAD-B725-913BD10A2B43}.Debug|Any CPU.ActiveCfg = Debug|Any CPU
		{1BEDAF39-20E2-4FAD-B725-913BD10A2B43}.Debug|Any CPU.Build.0 = Debug|Any CPU
		{1BEDAF39-20E2-4FAD-B725-913BD10A2B43}.Release|Any CPU.ActiveCfg = Release|Any CPU
		{1BEDAF39-20E2-4FAD-B725-913BD10A2B43}.Release|Any CPU.Build.0 = Release|Any CPU
		{63AD990E-B88E-4B6C-BC5F-2EB685AFC6BC}.Debug|Any CPU.ActiveCfg = Debug|Any CPU
		{63AD990E-B88E-4B6C-BC5F-2EB685AFC6BC}.Debug|Any CPU.Build.0 = Debug|Any CPU
		{63AD990E-B88E-4B6C-BC5F-2EB685AFC6BC}.Release|Any CPU.ActiveCfg = Release|Any CPU
		{63AD990E-B88E-4B6C-BC5F-2EB685AFC6BC}.Release|Any CPU.Build.0 = Release|Any CPU
		{84C55B03-533F-47EB-B681-B062DD9AD18B}.Debug|Any CPU.ActiveCfg = Debug|Any CPU
		{84C55B03-533F-47EB-B681-B062DD9AD18B}.Debug|Any CPU.Build.0 = Debug|Any CPU
		{84C55B03-533F-47EB-B681-B062DD9AD18B}.Release|Any CPU.ActiveCfg = Release|Any CPU
		{84C55B03-533F-47EB-B681-B062DD9AD18B}.Release|Any CPU.Build.0 = Release|Any CPU
		{5B5E086B-767F-45A0-BA19-43A0A2494525}.Debug|Any CPU.ActiveCfg = Debug|Any CPU
		{5B5E086B-767F-45A0-BA19-43A0A2494525}.Debug|Any CPU.Build.0 = Debug|Any CPU
		{5B5E086B-767F-45A0-BA19-43A0A2494525}.Release|Any CPU.ActiveCfg = Release|Any CPU
		{5B5E086B-767F-45A0-BA19-43A0A2494525}.Release|Any CPU.Build.0 = Release|Any CPU
		{35AA86A5-9093-4837-8A4B-6E5CD53B685B}.Debug|Any CPU.ActiveCfg = Debug|Any CPU
		{35AA86A5-9093-4837-8A4B-6E5CD53B685B}.Debug|Any CPU.Build.0 = Debug|Any CPU
		{35AA86A5-9093-4837-8A4B-6E5CD53B685B}.Release|Any CPU.ActiveCfg = Release|Any CPU
		{35AA86A5-9093-4837-8A4B-6E5CD53B685B}.Release|Any CPU.Build.0 = Release|Any CPU
		{BD31383C-0330-47EB-85EF-7E66595190E6}.Debug|Any CPU.ActiveCfg = Debug|Any CPU
		{BD31383C-0330-47EB-85EF-7E66595190E6}.Debug|Any CPU.Build.0 = Debug|Any CPU
		{BD31383C-0330-47EB-85EF-7E66595190E6}.Release|Any CPU.ActiveCfg = Release|Any CPU
		{BD31383C-0330-47EB-85EF-7E66595190E6}.Release|Any CPU.Build.0 = Release|Any CPU
		{FBD240AE-69DF-439E-9FD2-A7FE1912EDC0}.Debug|Any CPU.ActiveCfg = Debug|Any CPU
		{FBD240AE-69DF-439E-9FD2-A7FE1912EDC0}.Debug|Any CPU.Build.0 = Debug|Any CPU
		{FBD240AE-69DF-439E-9FD2-A7FE1912EDC0}.Release|Any CPU.ActiveCfg = Release|Any CPU
		{FBD240AE-69DF-439E-9FD2-A7FE1912EDC0}.Release|Any CPU.Build.0 = Release|Any CPU
	EndGlobalSection
	GlobalSection(SolutionProperties) = preSolution
		HideSolutionNode = FALSE
	EndGlobalSection
	GlobalSection(ExtensibilityGlobals) = postSolution
		SolutionGuid = {32F5DB7F-A374-4F68-972E-AB26944A351A}
	EndGlobalSection
EndGlobal
