
Microsoft Visual Studio Solution File, Format Version 12.00
# Visual Studio Version 17
VisualStudioVersion = 17.5.33424.131
MinimumVisualStudioVersion = 10.0.40219.1
Project("{9A19103F-16F7-4668-BE54-9A1E7A4F7556}") = "Poker.Library", "src\Poker.Library\Poker.Library.csproj", "{85F3DB55-BF51-4EF1-8003-B8061856EE8F}"
EndProject
Project("{9A19103F-16F7-4668-BE54-9A1E7A4F7556}") = "Poker.Service", "src\Poker.Service\Poker.Service.csproj", "{4C940C08-79C8-4B5A-8D40-D68C46111A21}"
EndProject
Project("{9A19103F-16F7-4668-BE54-9A1E7A4F7556}") = "Poker.Docs", "src\Poker.Docs\Poker.Docs.csproj", "{51C95C58-63AA-4EB4-9CC8-5D2D7E0AF785}"
EndProject
Project("{9A19103F-16F7-4668-BE54-9A1E7A4F7556}") = "Poker.Service.Tests", "src\Poker.Service.Tests\Poker.Service.Tests.csproj", "{87186586-148B-4D8E-93D7-8C4119A33DF8}"
EndProject
Project("{9A19103F-16F7-4668-BE54-9A1E7A4F7556}") = "Poker.Interface", "src\Poker.Interface\Poker.Interface.csproj", "{AC737E80-3F46-4B7C-BF75-F3E80701C150}"
EndProject
Project("{9A19103F-16F7-4668-BE54-9A1E7A4F7556}") = "Poker.Library.Interface", "src\Poker.Library.Interface\Poker.Library.Interface.csproj", "{D85306EC-A87E-47F6-AE40-1F6EE1EF9ED4}"
EndProject
Project("{FAE04EC0-301F-11D3-BF4B-00C04F79EFBC}") = "Poker.Test.Utility", "src\Poker.Test.Utility\Poker.Test.Utility.csproj", "{A5855EBD-767C-4390-B7D6-2CC54D0073E8}"
EndProject
Project("{FAE04EC0-301F-11D3-BF4B-00C04F79EFBC}") = "Poker.Utility", "src\Poker.Utility\Poker.Utility.csproj", "{3EEE4FF3-3022-4B97-8DDA-0655B2762788}"
EndProject
Project("{FAE04EC0-301F-11D3-BF4B-00C04F79EFBC}") = "Poker.Utility.Tests", "src\Poker.Utility.Tests\Poker.Utility.Tests.csproj", "{C1A1E9D8-41AB-41FA-8E15-45A2DD93EDC0}"
EndProject
Global
	GlobalSection(SolutionConfigurationPlatforms) = preSolution
		Debug|Any CPU = Debug|Any CPU
		Release|Any CPU = Release|Any CPU
	EndGlobalSection
	GlobalSection(ProjectConfigurationPlatforms) = postSolution
		{85F3DB55-BF51-4EF1-8003-B8061856EE8F}.Debug|Any CPU.ActiveCfg = Debug|Any CPU
		{85F3DB55-BF51-4EF1-8003-B8061856EE8F}.Debug|Any CPU.Build.0 = Debug|Any CPU
		{85F3DB55-BF51-4EF1-8003-B8061856EE8F}.Release|Any CPU.ActiveCfg = Release|Any CPU
		{85F3DB55-BF51-4EF1-8003-B8061856EE8F}.Release|Any CPU.Build.0 = Release|Any CPU
		{4C940C08-79C8-4B5A-8D40-D68C46111A21}.Debug|Any CPU.ActiveCfg = Debug|Any CPU
		{4C940C08-79C8-4B5A-8D40-D68C46111A21}.Debug|Any CPU.Build.0 = Debug|Any CPU
		{4C940C08-79C8-4B5A-8D40-D68C46111A21}.Release|Any CPU.ActiveCfg = Release|Any CPU
		{4C940C08-79C8-4B5A-8D40-D68C46111A21}.Release|Any CPU.Build.0 = Release|Any CPU
		{51C95C58-63AA-4EB4-9CC8-5D2D7E0AF785}.Debug|Any CPU.ActiveCfg = Debug|Any CPU
		{51C95C58-63AA-4EB4-9CC8-5D2D7E0AF785}.Debug|Any CPU.Build.0 = Debug|Any CPU
		{51C95C58-63AA-4EB4-9CC8-5D2D7E0AF785}.Release|Any CPU.ActiveCfg = Release|Any CPU
		{51C95C58-63AA-4EB4-9CC8-5D2D7E0AF785}.Release|Any CPU.Build.0 = Release|Any CPU
		{87186586-148B-4D8E-93D7-8C4119A33DF8}.Debug|Any CPU.ActiveCfg = Debug|Any CPU
		{87186586-148B-4D8E-93D7-8C4119A33DF8}.Debug|Any CPU.Build.0 = Debug|Any CPU
		{87186586-148B-4D8E-93D7-8C4119A33DF8}.Release|Any CPU.ActiveCfg = Release|Any CPU
		{87186586-148B-4D8E-93D7-8C4119A33DF8}.Release|Any CPU.Build.0 = Release|Any CPU
		{AC737E80-3F46-4B7C-BF75-F3E80701C150}.Debug|Any CPU.ActiveCfg = Debug|Any CPU
		{AC737E80-3F46-4B7C-BF75-F3E80701C150}.Debug|Any CPU.Build.0 = Debug|Any CPU
		{AC737E80-3F46-4B7C-BF75-F3E80701C150}.Release|Any CPU.ActiveCfg = Release|Any CPU
		{AC737E80-3F46-4B7C-BF75-F3E80701C150}.Release|Any CPU.Build.0 = Release|Any CPU
		{D85306EC-A87E-47F6-AE40-1F6EE1EF9ED4}.Debug|Any CPU.ActiveCfg = Debug|Any CPU
		{D85306EC-A87E-47F6-AE40-1F6EE1EF9ED4}.Debug|Any CPU.Build.0 = Debug|Any CPU
		{D85306EC-A87E-47F6-AE40-1F6EE1EF9ED4}.Release|Any CPU.ActiveCfg = Release|Any CPU
		{D85306EC-A87E-47F6-AE40-1F6EE1EF9ED4}.Release|Any CPU.Build.0 = Release|Any CPU
		{A5855EBD-767C-4390-B7D6-2CC54D0073E8}.Debug|Any CPU.ActiveCfg = Debug|Any CPU
		{A5855EBD-767C-4390-B7D6-2CC54D0073E8}.Debug|Any CPU.Build.0 = Debug|Any CPU
		{A5855EBD-767C-4390-B7D6-2CC54D0073E8}.Release|Any CPU.ActiveCfg = Release|Any CPU
		{A5855EBD-767C-4390-B7D6-2CC54D0073E8}.Release|Any CPU.Build.0 = Release|Any CPU
		{3EEE4FF3-3022-4B97-8DDA-0655B2762788}.Debug|Any CPU.ActiveCfg = Debug|Any CPU
		{3EEE4FF3-3022-4B97-8DDA-0655B2762788}.Debug|Any CPU.Build.0 = Debug|Any CPU
		{3EEE4FF3-3022-4B97-8DDA-0655B2762788}.Release|Any CPU.ActiveCfg = Release|Any CPU
		{3EEE4FF3-3022-4B97-8DDA-0655B2762788}.Release|Any CPU.Build.0 = Release|Any CPU
		{C1A1E9D8-41AB-41FA-8E15-45A2DD93EDC0}.Debug|Any CPU.ActiveCfg = Debug|Any CPU
		{C1A1E9D8-41AB-41FA-8E15-45A2DD93EDC0}.Debug|Any CPU.Build.0 = Debug|Any CPU
		{C1A1E9D8-41AB-41FA-8E15-45A2DD93EDC0}.Release|Any CPU.ActiveCfg = Release|Any CPU
		{C1A1E9D8-41AB-41FA-8E15-45A2DD93EDC0}.Release|Any CPU.Build.0 = Release|Any CPU
	EndGlobalSection
	GlobalSection(SolutionProperties) = preSolution
		HideSolutionNode = FALSE
	EndGlobalSection
	GlobalSection(ExtensibilityGlobals) = postSolution
		SolutionGuid = {32F5DB7F-A374-4F68-972E-AB26944A351A}
	EndGlobalSection
EndGlobal
